
Microsoft Visual Studio Solution File, Format Version 11.00
# Visual Studio 2010
Project("{FAE04EC0-301F-11D3-BF4B-00C04F79EFBC}") = "PacapAnalytics", "PacapAnalytics.csproj", "{62D3D8B9-2BBC-4790-8A1A-0F5EF2CADB82}"
EndProject
Project("{FAE04EC0-301F-11D3-BF4B-00C04F79EFBC}") = "RDCHelper", "..\RDCHelper\RDCHelper.csproj", "{2C1F4A3F-00F5-4D60-A30E-ED7751FBC9A7}"
EndProject
Project("{FAE04EC0-301F-11D3-BF4B-00C04F79EFBC}") = "UnPack", "..\UnPack\UnPack.csproj", "{065FFFC2-60CC-4F23-A97D-FC8C4F31A82F}"
EndProject
Global
	GlobalSection(SolutionConfigurationPlatforms) = preSolution
		Debug|x86 = Debug|x86
		Release|x86 = Release|x86
	EndGlobalSection
	GlobalSection(ProjectConfigurationPlatforms) = postSolution
		{62D3D8B9-2BBC-4790-8A1A-0F5EF2CADB82}.Debug|x86.ActiveCfg = Debug|x86
		{62D3D8B9-2BBC-4790-8A1A-0F5EF2CADB82}.Debug|x86.Build.0 = Debug|x86
		{62D3D8B9-2BBC-4790-8A1A-0F5EF2CADB82}.Release|x86.ActiveCfg = Release|x86
		{62D3D8B9-2BBC-4790-8A1A-0F5EF2CADB82}.Release|x86.Build.0 = Release|x86
		{2C1F4A3F-00F5-4D60-A30E-ED7751FBC9A7}.Debug|x86.ActiveCfg = Debug|x86
		{2C1F4A3F-00F5-4D60-A30E-ED7751FBC9A7}.Debug|x86.Build.0 = Debug|x86
		{2C1F4A3F-00F5-4D60-A30E-ED7751FBC9A7}.Release|x86.ActiveCfg = Release|x86
		{2C1F4A3F-00F5-4D60-A30E-ED7751FBC9A7}.Release|x86.Build.0 = Release|x86
		{065FFFC2-60CC-4F23-A97D-FC8C4F31A82F}.Debug|x86.ActiveCfg = Debug|x86
		{065FFFC2-60CC-4F23-A97D-FC8C4F31A82F}.Debug|x86.Build.0 = Debug|x86
		{065FFFC2-60CC-4F23-A97D-FC8C4F31A82F}.Release|x86.ActiveCfg = Release|x86
		{065FFFC2-60CC-4F23-A97D-FC8C4F31A82F}.Release|x86.Build.0 = Release|x86
	EndGlobalSection
	GlobalSection(SolutionProperties) = preSolution
		HideSolutionNode = FALSE
	EndGlobalSection
EndGlobal
